
Microsoft Visual Studio Solution File, Format Version 12.00
# Visual Studio Version 17
VisualStudioVersion = 17.2.32526.322
MinimumVisualStudioVersion = 10.0.40219.1
Project("{F184B08F-C81C-45F6-A57F-5ABD9991F28F}") = "RollOfTheDice", "RollOfTheDice\RollOfTheDice.vbproj", "{DB883D54-0494-4ADC-A151-2CA9819D43B2}"
EndProject
Global
	GlobalSection(SolutionConfigurationPlatforms) = preSolution
		Debug|Any CPU = Debug|Any CPU
		Release|Any CPU = Release|Any CPU
	EndGlobalSection
	GlobalSection(ProjectConfigurationPlatforms) = postSolution
		{DB883D54-0494-4ADC-A151-2CA9819D43B2}.Debug|Any CPU.ActiveCfg = Debug|Any CPU
		{DB883D54-0494-4ADC-A151-2CA9819D43B2}.Debug|Any CPU.Build.0 = Debug|Any CPU
		{DB883D54-0494-4ADC-A151-2CA9819D43B2}.Release|Any CPU.ActiveCfg = Release|Any CPU
		{DB883D54-0494-4ADC-A151-2CA9819D43B2}.Release|Any CPU.Build.0 = Release|Any CPU
	EndGlobalSection
	GlobalSection(SolutionProperties) = preSolution
		HideSolutionNode = FALSE
	EndGlobalSection
	GlobalSection(ExtensibilityGlobals) = postSolution
		SolutionGuid = {9B1FDF5A-62D2-41BD-90B9-B0C70342B4DE}
	EndGlobalSection
EndGlobal
